
Microsoft Visual Studio Solution File, Format Version 12.00
# Visual Studio 2013
VisualStudioVersion = 12.0.31101.0
MinimumVisualStudioVersion = 10.0.40219.1
Project("{FAE04EC0-301F-11D3-BF4B-00C04F79EFBC}") = "CSNGetLink", "CSNGetLink\CSNGetLink.csproj", "{DBCD2C82-D2D3-414D-B4CC-46B67011392C}"
EndProject
Project("{54435603-DBB4-11D2-8724-00A0C9A8B90C}") = "CSNGetLinkSetup", "CSNGetLinkSetup\CSNGetLinkSetup.vdproj", "{80835E7C-2ED3-4744-82F8-E8993B7401E8}"
EndProject
Global
	GlobalSection(SolutionConfigurationPlatforms) = preSolution
		Debug|Any CPU = Debug|Any CPU
		Release|Any CPU = Release|Any CPU
	EndGlobalSection
	GlobalSection(ProjectConfigurationPlatforms) = postSolution
		{DBCD2C82-D2D3-414D-B4CC-46B67011392C}.Debug|Any CPU.ActiveCfg = Debug|Any CPU
		{DBCD2C82-D2D3-414D-B4CC-46B67011392C}.Debug|Any CPU.Build.0 = Debug|Any CPU
		{DBCD2C82-D2D3-414D-B4CC-46B67011392C}.Release|Any CPU.ActiveCfg = Release|Any CPU
		{DBCD2C82-D2D3-414D-B4CC-46B67011392C}.Release|Any CPU.Build.0 = Release|Any CPU
		{80835E7C-2ED3-4744-82F8-E8993B7401E8}.Debug|Any CPU.ActiveCfg = Debug
		{80835E7C-2ED3-4744-82F8-E8993B7401E8}.Release|Any CPU.ActiveCfg = Release
	EndGlobalSection
	GlobalSection(SolutionProperties) = preSolution
		HideSolutionNode = FALSE
	EndGlobalSection
EndGlobal
